
Microsoft Visual Studio Solution File, Format Version 12.00
# Visual Studio 15
VisualStudioVersion = 15.0.27703.2018
MinimumVisualStudioVersion = 10.0.40219.1
Project("{A0786B88-2ADB-4C21-ABE8-AA2D79766269}") = "wordpress", "wordpress.phpproj", "{E7A74469-28B9-4424-85EF-29BA4794767B}"
EndProject
Global
	GlobalSection(SolutionConfigurationPlatforms) = preSolution
		Debug|Any CPU = Debug|Any CPU
		Release|Any CPU = Release|Any CPU
	EndGlobalSection
	GlobalSection(ProjectConfigurationPlatforms) = postSolution
		{E7A74469-28B9-4424-85EF-29BA4794767B}.Debug|Any CPU.ActiveCfg = Debug|Any CPU
		{E7A74469-28B9-4424-85EF-29BA4794767B}.Release|Any CPU.ActiveCfg = Release|Any CPU
	EndGlobalSection
	GlobalSection(SolutionProperties) = preSolution
		HideSolutionNode = FALSE
	EndGlobalSection
	GlobalSection(ExtensibilityGlobals) = postSolution
		SolutionGuid = {CC60FF30-D3FF-4D74-A69F-4CE436A4C00C}
	EndGlobalSection
EndGlobal
